
Microsoft Visual Studio Solution File, Format Version 12.00
# Visual Studio 2013
VisualStudioVersion = 12.0.21005.1
MinimumVisualStudioVersion = 10.0.40219.1
Project("{8BC9CEB8-8B4A-11D0-8D11-00A0C91BC942}") = "test_9_29", "test_9_29\test_9_29.vcxproj", "{6A2B1609-45B0-49DD-9B9F-5694AAB47F6A}"
EndProject
Global
	GlobalSection(SolutionConfigurationPlatforms) = preSolution
		Debug|Win32 = Debug|Win32
		Release|Win32 = Release|Win32
	EndGlobalSection
	GlobalSection(ProjectConfigurationPlatforms) = postSolution
		{6A2B1609-45B0-49DD-9B9F-5694AAB47F6A}.Debug|Win32.ActiveCfg = Debug|Win32
		{6A2B1609-45B0-49DD-9B9F-5694AAB47F6A}.Debug|Win32.Build.0 = Debug|Win32
		{6A2B1609-45B0-49DD-9B9F-5694AAB47F6A}.Release|Win32.ActiveCfg = Release|Win32
		{6A2B1609-45B0-49DD-9B9F-5694AAB47F6A}.Release|Win32.Build.0 = Release|Win32
	EndGlobalSection
	GlobalSection(SolutionProperties) = preSolution
		HideSolutionNode = FALSE
	EndGlobalSection
EndGlobal
